
Microsoft Visual Studio Solution File, Format Version 12.00
# Visual Studio 14
VisualStudioVersion = 14.0.24720.0
MinimumVisualStudioVersion = 10.0.40219.1
Project("{FAE04EC0-301F-11D3-BF4B-00C04F79EFBC}") = "ReturnValueUsageAnalyzer", "ReturnValueUsageAnalyzer\ReturnValueUsageAnalyzer\ReturnValueUsageAnalyzer.csproj", "{F46D4883-BF96-4230-8618-BC2945062EBC}"
EndProject
Project("{FAE04EC0-301F-11D3-BF4B-00C04F79EFBC}") = "ReturnValueUsageAnalyzer.Test", "ReturnValueUsageAnalyzer\ReturnValueUsageAnalyzer.Test\ReturnValueUsageAnalyzer.Test.csproj", "{3A4205C5-819A-4C6E-8B09-FC6A2A6730C6}"
EndProject
Project("{FAE04EC0-301F-11D3-BF4B-00C04F79EFBC}") = "ReturnValueUsageAnalyzer.Vsix", "ReturnValueUsageAnalyzer\ReturnValueUsageAnalyzer.Vsix\ReturnValueUsageAnalyzer.Vsix.csproj", "{9AC2FAFB-B9E2-4A30-A4F2-B7B748A8D2D6}"
EndProject
Global
	GlobalSection(SolutionConfigurationPlatforms) = preSolution
		Debug|Any CPU = Debug|Any CPU
		Release|Any CPU = Release|Any CPU
	EndGlobalSection
	GlobalSection(ProjectConfigurationPlatforms) = postSolution
		{F46D4883-BF96-4230-8618-BC2945062EBC}.Debug|Any CPU.ActiveCfg = Debug|Any CPU
		{F46D4883-BF96-4230-8618-BC2945062EBC}.Debug|Any CPU.Build.0 = Debug|Any CPU
		{F46D4883-BF96-4230-8618-BC2945062EBC}.Release|Any CPU.ActiveCfg = Release|Any CPU
		{F46D4883-BF96-4230-8618-BC2945062EBC}.Release|Any CPU.Build.0 = Release|Any CPU
		{3A4205C5-819A-4C6E-8B09-FC6A2A6730C6}.Debug|Any CPU.ActiveCfg = Debug|Any CPU
		{3A4205C5-819A-4C6E-8B09-FC6A2A6730C6}.Debug|Any CPU.Build.0 = Debug|Any CPU
		{3A4205C5-819A-4C6E-8B09-FC6A2A6730C6}.Release|Any CPU.ActiveCfg = Release|Any CPU
		{3A4205C5-819A-4C6E-8B09-FC6A2A6730C6}.Release|Any CPU.Build.0 = Release|Any CPU
		{9AC2FAFB-B9E2-4A30-A4F2-B7B748A8D2D6}.Debug|Any CPU.ActiveCfg = Debug|Any CPU
		{9AC2FAFB-B9E2-4A30-A4F2-B7B748A8D2D6}.Debug|Any CPU.Build.0 = Debug|Any CPU
		{9AC2FAFB-B9E2-4A30-A4F2-B7B748A8D2D6}.Release|Any CPU.ActiveCfg = Release|Any CPU
		{9AC2FAFB-B9E2-4A30-A4F2-B7B748A8D2D6}.Release|Any CPU.Build.0 = Release|Any CPU
	EndGlobalSection
	GlobalSection(SolutionProperties) = preSolution
		HideSolutionNode = FALSE
	EndGlobalSection
EndGlobal
